
Microsoft Visual Studio Solution File, Format Version 12.00
# Visual Studio Version 17
VisualStudioVersion = 17.5.33530.505
MinimumVisualStudioVersion = 10.0.40219.1
Project("{9A19103F-16F7-4668-BE54-9A1E7A4F7556}") = "W88.TeleBot", "W88.TeleBot.csproj", "{585EF338-684D-4875-81D1-42F6D13DBBE3}"
EndProject
Global
	GlobalSection(SolutionConfigurationPlatforms) = preSolution
		Debug|Any CPU = Debug|Any CPU
		Release|Any CPU = Release|Any CPU
	EndGlobalSection
	GlobalSection(ProjectConfigurationPlatforms) = postSolution
		{585EF338-684D-4875-81D1-42F6D13DBBE3}.Debug|Any CPU.ActiveCfg = Debug|Any CPU
		{585EF338-684D-4875-81D1-42F6D13DBBE3}.Debug|Any CPU.Build.0 = Debug|Any CPU
		{585EF338-684D-4875-81D1-42F6D13DBBE3}.Release|Any CPU.ActiveCfg = Release|Any CPU
		{585EF338-684D-4875-81D1-42F6D13DBBE3}.Release|Any CPU.Build.0 = Release|Any CPU
	EndGlobalSection
	GlobalSection(SolutionProperties) = preSolution
		HideSolutionNode = FALSE
	EndGlobalSection
	GlobalSection(ExtensibilityGlobals) = postSolution
		SolutionGuid = {3254DD98-B4A9-4FA2-93E5-EF45FAB7B0EA}
	EndGlobalSection
EndGlobal
